
Microsoft Visual Studio Solution File, Format Version 12.00
# Visual Studio Version 17
VisualStudioVersion = 17.5.2.0
MinimumVisualStudioVersion = 10.0.40219.1
Project("{2150E333-8FDC-42A3-9474-1A3956D46DE8}") = "src", "src", "{827E0CD3-B72D-47B6-A68D-7590B98EB39B}"
EndProject
Project("{FAE04EC0-301F-11D3-BF4B-00C04F79EFBC}") = "SigGen.Models", "src\SigGen.Models\SigGen.Models.csproj", "{17E6C56E-2444-4F46-94B1-96B5D9E7D8A5}"
EndProject
Project("{2150E333-8FDC-42A3-9474-1A3956D46DE8}") = "test", "test", "{0C88DD14-F956-CE84-757C-A364CCF449FC}"
EndProject
Project("{FAE04EC0-301F-11D3-BF4B-00C04F79EFBC}") = "SigGen.Tests", "test\SigGen.Tests\SigGen.Tests.csproj", "{D7FE9E65-56BC-407D-AA63-64A401CBFE86}"
EndProject
Project("{FAE04EC0-301F-11D3-BF4B-00C04F79EFBC}") = "SigGen.Services", "src\SigGen.Services\SigGen.Services.csproj", "{7C8925D3-521D-493A-81B7-DA4F7DF4FF52}"
EndProject
Project("{FAE04EC0-301F-11D3-BF4B-00C04F79EFBC}") = "SigGen", "src\SigGen\SigGen.csproj", "{681BD1DD-0C98-4F46-AA1C-D9465E787274}"
EndProject
Project("{FAE04EC0-301F-11D3-BF4B-00C04F79EFBC}") = "gen", "gen\gen.csproj", "{C6A5C459-ED2B-4854-B140-E849FEDF3D4A}"
EndProject
Global
	GlobalSection(SolutionConfigurationPlatforms) = preSolution
		Debug|Any CPU = Debug|Any CPU
		Debug|x64 = Debug|x64
		Debug|x86 = Debug|x86
		Release|Any CPU = Release|Any CPU
		Release|x64 = Release|x64
		Release|x86 = Release|x86
	EndGlobalSection
	GlobalSection(ProjectConfigurationPlatforms) = postSolution
		{17E6C56E-2444-4F46-94B1-96B5D9E7D8A5}.Debug|Any CPU.ActiveCfg = Debug|Any CPU
		{17E6C56E-2444-4F46-94B1-96B5D9E7D8A5}.Debug|Any CPU.Build.0 = Debug|Any CPU
		{17E6C56E-2444-4F46-94B1-96B5D9E7D8A5}.Debug|x64.ActiveCfg = Debug|Any CPU
		{17E6C56E-2444-4F46-94B1-96B5D9E7D8A5}.Debug|x64.Build.0 = Debug|Any CPU
		{17E6C56E-2444-4F46-94B1-96B5D9E7D8A5}.Debug|x86.ActiveCfg = Debug|Any CPU
		{17E6C56E-2444-4F46-94B1-96B5D9E7D8A5}.Debug|x86.Build.0 = Debug|Any CPU
		{17E6C56E-2444-4F46-94B1-96B5D9E7D8A5}.Release|Any CPU.ActiveCfg = Release|Any CPU
		{17E6C56E-2444-4F46-94B1-96B5D9E7D8A5}.Release|Any CPU.Build.0 = Release|Any CPU
		{17E6C56E-2444-4F46-94B1-96B5D9E7D8A5}.Release|x64.ActiveCfg = Release|Any CPU
		{17E6C56E-2444-4F46-94B1-96B5D9E7D8A5}.Release|x64.Build.0 = Release|Any CPU
		{17E6C56E-2444-4F46-94B1-96B5D9E7D8A5}.Release|x86.ActiveCfg = Release|Any CPU
		{17E6C56E-2444-4F46-94B1-96B5D9E7D8A5}.Release|x86.Build.0 = Release|Any CPU
		{D7FE9E65-56BC-407D-AA63-64A401CBFE86}.Debug|Any CPU.ActiveCfg = Debug|Any CPU
		{D7FE9E65-56BC-407D-AA63-64A401CBFE86}.Debug|Any CPU.Build.0 = Debug|Any CPU
		{D7FE9E65-56BC-407D-AA63-64A401CBFE86}.Debug|x64.ActiveCfg = Debug|Any CPU
		{D7FE9E65-56BC-407D-AA63-64A401CBFE86}.Debug|x64.Build.0 = Debug|Any CPU
		{D7FE9E65-56BC-407D-AA63-64A401CBFE86}.Debug|x86.ActiveCfg = Debug|Any CPU
		{D7FE9E65-56BC-407D-AA63-64A401CBFE86}.Debug|x86.Build.0 = Debug|Any CPU
		{D7FE9E65-56BC-407D-AA63-64A401CBFE86}.Release|Any CPU.ActiveCfg = Release|Any CPU
		{D7FE9E65-56BC-407D-AA63-64A401CBFE86}.Release|Any CPU.Build.0 = Release|Any CPU
		{D7FE9E65-56BC-407D-AA63-64A401CBFE86}.Release|x64.ActiveCfg = Release|Any CPU
		{D7FE9E65-56BC-407D-AA63-64A401CBFE86}.Release|x64.Build.0 = Release|Any CPU
		{D7FE9E65-56BC-407D-AA63-64A401CBFE86}.Release|x86.ActiveCfg = Release|Any CPU
		{D7FE9E65-56BC-407D-AA63-64A401CBFE86}.Release|x86.Build.0 = Release|Any CPU
		{7C8925D3-521D-493A-81B7-DA4F7DF4FF52}.Debug|Any CPU.ActiveCfg = Debug|Any CPU
		{7C8925D3-521D-493A-81B7-DA4F7DF4FF52}.Debug|Any CPU.Build.0 = Debug|Any CPU
		{7C8925D3-521D-493A-81B7-DA4F7DF4FF52}.Debug|x64.ActiveCfg = Debug|Any CPU
		{7C8925D3-521D-493A-81B7-DA4F7DF4FF52}.Debug|x64.Build.0 = Debug|Any CPU
		{7C8925D3-521D-493A-81B7-DA4F7DF4FF52}.Debug|x86.ActiveCfg = Debug|Any CPU
		{7C8925D3-521D-493A-81B7-DA4F7DF4FF52}.Debug|x86.Build.0 = Debug|Any CPU
		{7C8925D3-521D-493A-81B7-DA4F7DF4FF52}.Release|Any CPU.ActiveCfg = Release|Any CPU
		{7C8925D3-521D-493A-81B7-DA4F7DF4FF52}.Release|Any CPU.Build.0 = Release|Any CPU
		{7C8925D3-521D-493A-81B7-DA4F7DF4FF52}.Release|x64.ActiveCfg = Release|Any CPU
		{7C8925D3-521D-493A-81B7-DA4F7DF4FF52}.Release|x64.Build.0 = Release|Any CPU
		{7C8925D3-521D-493A-81B7-DA4F7DF4FF52}.Release|x86.ActiveCfg = Release|Any CPU
		{7C8925D3-521D-493A-81B7-DA4F7DF4FF52}.Release|x86.Build.0 = Release|Any CPU
		{681BD1DD-0C98-4F46-AA1C-D9465E787274}.Debug|Any CPU.ActiveCfg = Debug|Any CPU
		{681BD1DD-0C98-4F46-AA1C-D9465E787274}.Debug|Any CPU.Build.0 = Debug|Any CPU
		{681BD1DD-0C98-4F46-AA1C-D9465E787274}.Debug|x64.ActiveCfg = Debug|Any CPU
		{681BD1DD-0C98-4F46-AA1C-D9465E787274}.Debug|x64.Build.0 = Debug|Any CPU
		{681BD1DD-0C98-4F46-AA1C-D9465E787274}.Debug|x86.ActiveCfg = Debug|Any CPU
		{681BD1DD-0C98-4F46-AA1C-D9465E787274}.Debug|x86.Build.0 = Debug|Any CPU
		{681BD1DD-0C98-4F46-AA1C-D9465E787274}.Release|Any CPU.ActiveCfg = Release|Any CPU
		{681BD1DD-0C98-4F46-AA1C-D9465E787274}.Release|Any CPU.Build.0 = Release|Any CPU
		{681BD1DD-0C98-4F46-AA1C-D9465E787274}.Release|x64.ActiveCfg = Release|Any CPU
		{681BD1DD-0C98-4F46-AA1C-D9465E787274}.Release|x64.Build.0 = Release|Any CPU
		{681BD1DD-0C98-4F46-AA1C-D9465E787274}.Release|x86.ActiveCfg = Release|Any CPU
		{681BD1DD-0C98-4F46-AA1C-D9465E787274}.Release|x86.Build.0 = Release|Any CPU
		{C6A5C459-ED2B-4854-B140-E849FEDF3D4A}.Debug|Any CPU.ActiveCfg = Debug|Any CPU
		{C6A5C459-ED2B-4854-B140-E849FEDF3D4A}.Debug|Any CPU.Build.0 = Debug|Any CPU
		{C6A5C459-ED2B-4854-B140-E849FEDF3D4A}.Debug|x64.ActiveCfg = Debug|Any CPU
		{C6A5C459-ED2B-4854-B140-E849FEDF3D4A}.Debug|x64.Build.0 = Debug|Any CPU
		{C6A5C459-ED2B-4854-B140-E849FEDF3D4A}.Debug|x86.ActiveCfg = Debug|Any CPU
		{C6A5C459-ED2B-4854-B140-E849FEDF3D4A}.Debug|x86.Build.0 = Debug|Any CPU
		{C6A5C459-ED2B-4854-B140-E849FEDF3D4A}.Release|Any CPU.ActiveCfg = Release|Any CPU
		{C6A5C459-ED2B-4854-B140-E849FEDF3D4A}.Release|Any CPU.Build.0 = Release|Any CPU
		{C6A5C459-ED2B-4854-B140-E849FEDF3D4A}.Release|x64.ActiveCfg = Release|Any CPU
		{C6A5C459-ED2B-4854-B140-E849FEDF3D4A}.Release|x64.Build.0 = Release|Any CPU
		{C6A5C459-ED2B-4854-B140-E849FEDF3D4A}.Release|x86.ActiveCfg = Release|Any CPU
		{C6A5C459-ED2B-4854-B140-E849FEDF3D4A}.Release|x86.Build.0 = Release|Any CPU
	EndGlobalSection
	GlobalSection(SolutionProperties) = preSolution
		HideSolutionNode = FALSE
	EndGlobalSection
	GlobalSection(NestedProjects) = preSolution
		{17E6C56E-2444-4F46-94B1-96B5D9E7D8A5} = {827E0CD3-B72D-47B6-A68D-7590B98EB39B}
		{D7FE9E65-56BC-407D-AA63-64A401CBFE86} = {0C88DD14-F956-CE84-757C-A364CCF449FC}
		{7C8925D3-521D-493A-81B7-DA4F7DF4FF52} = {827E0CD3-B72D-47B6-A68D-7590B98EB39B}
		{681BD1DD-0C98-4F46-AA1C-D9465E787274} = {827E0CD3-B72D-47B6-A68D-7590B98EB39B}
	EndGlobalSection
	GlobalSection(ExtensibilityGlobals) = postSolution
		SolutionGuid = {92B8D9DD-48E2-4DC9-9C31-13BC37F6BDE6}
	EndGlobalSection
EndGlobal
